// !$*UTF8*$!
{
	archiveVersion = 1;
	classes = {
	};
	objectVersion = 46;
	objects = {

/* Begin PBXBuildFile section */
		5B1581AF162C956A00321533 /* Cocoa.framework in Frameworks */ = {isa = PBXBuildFile; fileRef = 5B1581AE162C956A00321533 /* Cocoa.framework */; };
		5B1581B9162C956A00321533 /* InfoPlist.strings in Resources */ = {isa = PBXBuildFile; fileRef = 5B1581B7162C956A00321533 /* InfoPlist.strings */; };
		5B1581BB162C956A00321533 /* main.m in Sources */ = {isa = PBXBuildFile; fileRef = 5B1581BA162C956A00321533 /* main.m */; };
		5B1581BF162C956A00321533 /* Credits.rtf in Resources */ = {isa = PBXBuildFile; fileRef = 5B1581BD162C956A00321533 /* Credits.rtf */; };
		5B1581C2162C956A00321533 /* AppDelegate.m in Sources */ = {isa = PBXBuildFile; fileRef = 5B1581C1162C956A00321533 /* AppDelegate.m */; };
		5B1581C5162C956B00321533 /* MainMenu.xib in Resources */ = {isa = PBXBuildFile; fileRef = 5B1581C3162C956B00321533 /* MainMenu.xib */; };
		5B2C0DFB1FC9C1020049BD35 /* menu.png in Resources */ = {isa = PBXBuildFile; fileRef = 5B2C0DF91FC9C1020049BD35 /* menu.png */; };
		5B2C0DFC1FC9C1020049BD35 /* menu@2x.png in Resources */ = {isa = PBXBuildFile; fileRef = 5B2C0DFA1FC9C1020049BD35 /* menu@2x.png */; };
		5B32EB351FC9ADF6001BE82D /* background.png in Resources */ = {isa = PBXBuildFile; fileRef = 5B32EB311FC9ADF6001BE82D /* background.png */; };
		5B32EB361FC9ADF6001BE82D /* ca.crt in Resources */ = {isa = PBXBuildFile; fileRef = 5B32EB321FC9ADF6001BE82D /* ca.crt */; };
		5B32EB371FC9ADF6001BE82D /* fonts.conf in Resources */ = {isa = PBXBuildFile; fileRef = 5B32EB331FC9ADF6001BE82D /* fonts.conf */; };
		5B32EB381FC9ADF6001BE82D /* logo.png in Resources */ = {isa = PBXBuildFile; fileRef = 5B32EB341FC9ADF6001BE82D /* logo.png */; };
		5BB470DE16A960AA00B5A5C4 /* filement.icns in Resources */ = {isa = PBXBuildFile; fileRef = 5BB470DD16A960AA00B5A5C4 /* filement.icns */; };
		5BB6ED761863279600C9C2EE /* libfilement.dylib in CopyFiles */ = {isa = PBXBuildFile; fileRef = 5BD9D10418631B1B001D3C80 /* libfilement.dylib */; };
		5BB6ED771863279D00C9C2EE /* ffmpeg in CopyFiles */ = {isa = PBXBuildFile; fileRef = 5BD9D0FF18631AF2001D3C80 /* ffmpeg */; };
		5BD9D10C18631B1B001D3C80 /* libfilement.dylib in Frameworks */ = {isa = PBXBuildFile; fileRef = 5BD9D10418631B1B001D3C80 /* libfilement.dylib */; };
/* End PBXBuildFile section */

/* Begin PBXCopyFilesBuildPhase section */
		5BBEE73B16A31B24006F85B2 /* CopyFiles */ = {
			isa = PBXCopyFilesBuildPhase;
			buildActionMask = 2147483647;
			dstPath = "";
			dstSubfolderSpec = 6;
			files = (
				5BB6ED771863279D00C9C2EE /* ffmpeg in CopyFiles */,
			);
			runOnlyForDeploymentPostprocessing = 0;
		};
		5BCF7F2516864408000DB508 /* CopyFiles */ = {
			isa = PBXCopyFilesBuildPhase;
			buildActionMask = 2147483647;
			dstPath = "";
			dstSubfolderSpec = 10;
			files = (
				5BB6ED761863279600C9C2EE /* libfilement.dylib in CopyFiles */,
			);
			runOnlyForDeploymentPostprocessing = 0;
		};
/* End PBXCopyFilesBuildPhase section */

/* Begin PBXFileReference section */
		5B1581AA162C956A00321533 /* Filement.app */ = {isa = PBXFileReference; explicitFileType = wrapper.application; includeInIndex = 0; path = Filement.app; sourceTree = BUILT_PRODUCTS_DIR; };
		5B1581AE162C956A00321533 /* Cocoa.framework */ = {isa = PBXFileReference; lastKnownFileType = wrapper.framework; name = Cocoa.framework; path = System/Library/Frameworks/Cocoa.framework; sourceTree = SDKROOT; };
		5B1581B1162C956A00321533 /* AppKit.framework */ = {isa = PBXFileReference; lastKnownFileType = wrapper.framework; name = AppKit.framework; path = System/Library/Frameworks/AppKit.framework; sourceTree = SDKROOT; };
		5B1581B2162C956A00321533 /* CoreData.framework */ = {isa = PBXFileReference; lastKnownFileType = wrapper.framework; name = CoreData.framework; path = System/Library/Frameworks/CoreData.framework; sourceTree = SDKROOT; };
		5B1581B3162C956A00321533 /* Foundation.framework */ = {isa = PBXFileReference; lastKnownFileType = wrapper.framework; name = Foundation.framework; path = System/Library/Frameworks/Foundation.framework; sourceTree = SDKROOT; };
		5B1581B6162C956A00321533 /* Filement-Info.plist */ = {isa = PBXFileReference; lastKnownFileType = text.plist.xml; path = "Filement-Info.plist"; sourceTree = "<group>"; };
		5B1581B8162C956A00321533 /* en */ = {isa = PBXFileReference; lastKnownFileType = text.plist.strings; name = en; path = en.lproj/InfoPlist.strings; sourceTree = "<group>"; };
		5B1581BA162C956A00321533 /* main.m */ = {isa = PBXFileReference; lastKnownFileType = sourcecode.c.objc; path = main.m; sourceTree = "<group>"; };
		5B1581BC162C956A00321533 /* Filement-Prefix.pch */ = {isa = PBXFileReference; lastKnownFileType = sourcecode.c.h; path = "Filement-Prefix.pch"; sourceTree = "<group>"; };
		5B1581BE162C956A00321533 /* en */ = {isa = PBXFileReference; lastKnownFileType = text.rtf; name = en; path = en.lproj/Credits.rtf; sourceTree = "<group>"; };
		5B1581C0162C956A00321533 /* AppDelegate.h */ = {isa = PBXFileReference; lastKnownFileType = sourcecode.c.h; path = AppDelegate.h; sourceTree = "<group>"; };
		5B1581C1162C956A00321533 /* AppDelegate.m */ = {isa = PBXFileReference; lastKnownFileType = sourcecode.c.objc; path = AppDelegate.m; sourceTree = "<group>"; };
		5B1581C4162C956B00321533 /* en */ = {isa = PBXFileReference; lastKnownFileType = file.xib; name = en; path = en.lproj/MainMenu.xib; sourceTree = "<group>"; };
		5B2C0DF91FC9C1020049BD35 /* menu.png */ = {isa = PBXFileReference; lastKnownFileType = image.png; name = menu.png; path = ../../resources/menu.png; sourceTree = "<group>"; };
		5B2C0DFA1FC9C1020049BD35 /* menu@2x.png */ = {isa = PBXFileReference; lastKnownFileType = image.png; name = "menu@2x.png"; path = "../../resources/menu@2x.png"; sourceTree = "<group>"; };
		5B32EB311FC9ADF6001BE82D /* background.png */ = {isa = PBXFileReference; lastKnownFileType = image.png; name = background.png; path = ../../share/filement/background.png; sourceTree = "<group>"; };
		5B32EB321FC9ADF6001BE82D /* ca.crt */ = {isa = PBXFileReference; fileEncoding = 4; lastKnownFileType = text; name = ca.crt; path = ../../share/filement/ca.crt; sourceTree = "<group>"; };
		5B32EB331FC9ADF6001BE82D /* fonts.conf */ = {isa = PBXFileReference; fileEncoding = 4; lastKnownFileType = text.xml; name = fonts.conf; path = ../../share/filement/fonts.conf; sourceTree = "<group>"; };
		5B32EB341FC9ADF6001BE82D /* logo.png */ = {isa = PBXFileReference; lastKnownFileType = image.png; name = logo.png; path = ../../share/filement/logo.png; sourceTree = "<group>"; };
		5BB470DD16A960AA00B5A5C4 /* filement.icns */ = {isa = PBXFileReference; lastKnownFileType = image.icns; path = filement.icns; sourceTree = "<group>"; };
		5BD9D0F418631AAD001D3C80 /* filement.h */ = {isa = PBXFileReference; fileEncoding = 4; lastKnownFileType = sourcecode.c.h; name = filement.h; path = ../../include/filement.h; sourceTree = "<group>"; };
		5BD9D0F518631AAD001D3C80 /* types.h */ = {isa = PBXFileReference; fileEncoding = 4; lastKnownFileType = sourcecode.c.h; name = types.h; path = ../../include/types.h; sourceTree = "<group>"; };
		5BD9D0FF18631AF2001D3C80 /* ffmpeg */ = {isa = PBXFileReference; lastKnownFileType = "compiled.mach-o.executable"; path = ffmpeg; sourceTree = "<group>"; };
		5BD9D10418631B1B001D3C80 /* libfilement.dylib */ = {isa = PBXFileReference; lastKnownFileType = "compiled.mach-o.dylib"; name = libfilement.dylib; path = ../lib/libfilement.dylib; sourceTree = "<group>"; };
		5BF7CE1319DADAD800F21653 /* Filement.entitlements */ = {isa = PBXFileReference; lastKnownFileType = text.xml; path = Filement.entitlements; sourceTree = "<group>"; };
/* End PBXFileReference section */

/* Begin PBXFrameworksBuildPhase section */
		5B1581A7162C956A00321533 /* Frameworks */ = {
			isa = PBXFrameworksBuildPhase;
			buildActionMask = 2147483647;
			files = (
				5B1581AF162C956A00321533 /* Cocoa.framework in Frameworks */,
				5BD9D10C18631B1B001D3C80 /* libfilement.dylib in Frameworks */,
			);
			runOnlyForDeploymentPostprocessing = 0;
		};
/* End PBXFrameworksBuildPhase section */

/* Begin PBXGroup section */
		5B15819F162C956A00321533 = {
			isa = PBXGroup;
			children = (
				5B1581B4162C956A00321533 /* Filement */,
				5B1581AD162C956A00321533 /* Frameworks */,
				5B1581AB162C956A00321533 /* Products */,
			);
			sourceTree = "<group>";
		};
		5B1581AB162C956A00321533 /* Products */ = {
			isa = PBXGroup;
			children = (
				5B1581AA162C956A00321533 /* Filement.app */,
			);
			name = Products;
			sourceTree = "<group>";
		};
		5B1581AD162C956A00321533 /* Frameworks */ = {
			isa = PBXGroup;
			children = (
				5BD9D10418631B1B001D3C80 /* libfilement.dylib */,
				5BD9D0FF18631AF2001D3C80 /* ffmpeg */,
				5B1581AE162C956A00321533 /* Cocoa.framework */,
				5B1581B0162C956A00321533 /* Other Frameworks */,
			);
			name = Frameworks;
			sourceTree = "<group>";
		};
		5B1581B0162C956A00321533 /* Other Frameworks */ = {
			isa = PBXGroup;
			children = (
				5B1581B1162C956A00321533 /* AppKit.framework */,
				5B1581B2162C956A00321533 /* CoreData.framework */,
				5B1581B3162C956A00321533 /* Foundation.framework */,
			);
			name = "Other Frameworks";
			sourceTree = "<group>";
		};
		5B1581B4162C956A00321533 /* Filement */ = {
			isa = PBXGroup;
			children = (
				5BF7CE1319DADAD800F21653 /* Filement.entitlements */,
				5BAFF7A5162D510B008FC15C /* Server */,
				5B1581C0162C956A00321533 /* AppDelegate.h */,
				5B1581C1162C956A00321533 /* AppDelegate.m */,
				5B1581C3162C956B00321533 /* MainMenu.xib */,
				5B1581B5162C956A00321533 /* Supporting Files */,
			);
			path = Filement;
			sourceTree = "<group>";
		};
		5B1581B5162C956A00321533 /* Supporting Files */ = {
			isa = PBXGroup;
			children = (
				5B2C0DF91FC9C1020049BD35 /* menu.png */,
				5B2C0DFA1FC9C1020049BD35 /* menu@2x.png */,
				5B32EB311FC9ADF6001BE82D /* background.png */,
				5B32EB321FC9ADF6001BE82D /* ca.crt */,
				5B32EB331FC9ADF6001BE82D /* fonts.conf */,
				5B32EB341FC9ADF6001BE82D /* logo.png */,
				5BB470DD16A960AA00B5A5C4 /* filement.icns */,
				5B1581B6162C956A00321533 /* Filement-Info.plist */,
				5B1581B7162C956A00321533 /* InfoPlist.strings */,
				5B1581BA162C956A00321533 /* main.m */,
				5B1581BC162C956A00321533 /* Filement-Prefix.pch */,
				5B1581BD162C956A00321533 /* Credits.rtf */,
			);
			name = "Supporting Files";
			sourceTree = "<group>";
		};
		5BAFF7A5162D510B008FC15C /* Server */ = {
			isa = PBXGroup;
			children = (
				5BD9D0F418631AAD001D3C80 /* filement.h */,
				5BD9D0F518631AAD001D3C80 /* types.h */,
			);
			name = Server;
			sourceTree = "<group>";
		};
/* End PBXGroup section */

/* Begin PBXNativeTarget section */
		5B1581A9162C956A00321533 /* Filement */ = {
			isa = PBXNativeTarget;
			buildConfigurationList = 5B1581C8162C956B00321533 /* Build configuration list for PBXNativeTarget "Filement" */;
			buildPhases = (
				5B1581A6162C956A00321533 /* Sources */,
				5B1581A7162C956A00321533 /* Frameworks */,
				5B1581A8162C956A00321533 /* Resources */,
				5BCF7F2516864408000DB508 /* CopyFiles */,
				5BBEE73B16A31B24006F85B2 /* CopyFiles */,
			);
			buildRules = (
			);
			dependencies = (
			);
			name = Filement;
			productName = Filement;
			productReference = 5B1581AA162C956A00321533 /* Filement.app */;
			productType = "com.apple.product-type.application";
		};
/* End PBXNativeTarget section */

/* Begin PBXProject section */
		5B1581A1162C956A00321533 /* Project object */ = {
			isa = PBXProject;
			attributes = {
				LastUpgradeCheck = 0420;
				ORGANIZATIONNAME = "Sofia university";
				TargetAttributes = {
					5B1581A9162C956A00321533 = {
						SystemCapabilities = {
							com.apple.Sandbox = {
								enabled = 0;
							};
						};
					};
				};
			};
			buildConfigurationList = 5B1581A4162C956A00321533 /* Build configuration list for PBXProject "Filement" */;
			compatibilityVersion = "Xcode 3.2";
			developmentRegion = English;
			hasScannedForEncodings = 0;
			knownRegions = (
				en,
			);
			mainGroup = 5B15819F162C956A00321533;
			productRefGroup = 5B1581AB162C956A00321533 /* Products */;
			projectDirPath = "";
			projectRoot = "";
			targets = (
				5B1581A9162C956A00321533 /* Filement */,
			);
		};
/* End PBXProject section */

/* Begin PBXResourcesBuildPhase section */
		5B1581A8162C956A00321533 /* Resources */ = {
			isa = PBXResourcesBuildPhase;
			buildActionMask = 2147483647;
			files = (
				5BB470DE16A960AA00B5A5C4 /* filement.icns in Resources */,
				5B2C0DFC1FC9C1020049BD35 /* menu@2x.png in Resources */,
				5B32EB361FC9ADF6001BE82D /* ca.crt in Resources */,
				5B32EB381FC9ADF6001BE82D /* logo.png in Resources */,
				5B1581B9162C956A00321533 /* InfoPlist.strings in Resources */,
				5B32EB371FC9ADF6001BE82D /* fonts.conf in Resources */,
				5B1581BF162C956A00321533 /* Credits.rtf in Resources */,
				5B2C0DFB1FC9C1020049BD35 /* menu.png in Resources */,
				5B1581C5162C956B00321533 /* MainMenu.xib in Resources */,
				5B32EB351FC9ADF6001BE82D /* background.png in Resources */,
			);
			runOnlyForDeploymentPostprocessing = 0;
		};
/* End PBXResourcesBuildPhase section */

/* Begin PBXSourcesBuildPhase section */
		5B1581A6162C956A00321533 /* Sources */ = {
			isa = PBXSourcesBuildPhase;
			buildActionMask = 2147483647;
			files = (
				5B1581BB162C956A00321533 /* main.m in Sources */,
				5B1581C2162C956A00321533 /* AppDelegate.m in Sources */,
			);
			runOnlyForDeploymentPostprocessing = 0;
		};
/* End PBXSourcesBuildPhase section */

/* Begin PBXVariantGroup section */
		5B1581B7162C956A00321533 /* InfoPlist.strings */ = {
			isa = PBXVariantGroup;
			children = (
				5B1581B8162C956A00321533 /* en */,
			);
			name = InfoPlist.strings;
			sourceTree = "<group>";
		};
		5B1581BD162C956A00321533 /* Credits.rtf */ = {
			isa = PBXVariantGroup;
			children = (
				5B1581BE162C956A00321533 /* en */,
			);
			name = Credits.rtf;
			sourceTree = "<group>";
		};
		5B1581C3162C956B00321533 /* MainMenu.xib */ = {
			isa = PBXVariantGroup;
			children = (
				5B1581C4162C956B00321533 /* en */,
			);
			name = MainMenu.xib;
			sourceTree = "<group>";
		};
/* End PBXVariantGroup section */

/* Begin XCBuildConfiguration section */
		5B1581C6162C956B00321533 /* Debug */ = {
			isa = XCBuildConfiguration;
			buildSettings = {
				ALWAYS_SEARCH_USER_PATHS = NO;
				COPY_PHASE_STRIP = NO;
				DEAD_CODE_STRIPPING = YES;
				GCC_C_LANGUAGE_STANDARD = gnu99;
				GCC_DYNAMIC_NO_PIC = YES;
				GCC_ENABLE_OBJC_EXCEPTIONS = YES;
				GCC_OPTIMIZATION_LEVEL = 0;
				GCC_PREPROCESSOR_DEFINITIONS = (
					"DEBUG=1",
					"$(inherited)",
				);
				GCC_SYMBOLS_PRIVATE_EXTERN = NO;
				GCC_VERSION = com.apple.compilers.llvm.clang.1_0;
				GCC_WARN_64_TO_32_BIT_CONVERSION = YES;
				GCC_WARN_ABOUT_MISSING_PROTOTYPES = YES;
				GCC_WARN_ABOUT_RETURN_TYPE = YES;
				GCC_WARN_UNUSED_VARIABLE = YES;
				LD_NO_PIE = YES;
				MACOSX_DEPLOYMENT_TARGET = 10.8;
				ONLY_ACTIVE_ARCH = YES;
				SDKROOT = macosx10.8;
				STRINGS_FILE_OUTPUT_ENCODING = "UTF-8";
				STRIP_INSTALLED_PRODUCT = YES;
				STRIP_STYLE = "non-global";
			};
			name = Debug;
		};
		5B1581C7162C956B00321533 /* Release */ = {
			isa = XCBuildConfiguration;
			buildSettings = {
				ALWAYS_SEARCH_USER_PATHS = NO;
				COPY_PHASE_STRIP = YES;
				DEAD_CODE_STRIPPING = YES;
				DEBUG_INFORMATION_FORMAT = dwarf;
				GCC_C_LANGUAGE_STANDARD = gnu99;
				GCC_DYNAMIC_NO_PIC = YES;
				GCC_ENABLE_OBJC_EXCEPTIONS = YES;
				GCC_GENERATE_DEBUGGING_SYMBOLS = NO;
				GCC_OPTIMIZATION_LEVEL = 2;
				GCC_VERSION = com.apple.compilers.llvm.clang.1_0;
				GCC_WARN_64_TO_32_BIT_CONVERSION = YES;
				GCC_WARN_ABOUT_MISSING_PROTOTYPES = YES;
				GCC_WARN_ABOUT_RETURN_TYPE = YES;
				GCC_WARN_UNUSED_VARIABLE = YES;
				LD_NO_PIE = YES;
				LLVM_LTO = YES;
				MACOSX_DEPLOYMENT_TARGET = 10.8;
				ONLY_ACTIVE_ARCH = YES;
				SDKROOT = macosx10.8;
				STRINGS_FILE_OUTPUT_ENCODING = "UTF-8";
				STRIP_INSTALLED_PRODUCT = YES;
				STRIP_STYLE = "non-global";
			};
			name = Release;
		};
		5B1581C9162C956B00321533 /* Debug */ = {
			isa = XCBuildConfiguration;
			buildSettings = {
				CODE_SIGN_IDENTITY = "-";
				COPY_PHASE_STRIP = NO;
				DEAD_CODE_STRIPPING = YES;
				DEBUG_INFORMATION_FORMAT = dwarf;
				GCC_ENABLE_SSE3_EXTENSIONS = YES;
				GCC_PRECOMPILE_PREFIX_HEADER = YES;
				GCC_PREFIX_HEADER = "Filement/Filement-Prefix.pch";
				INFOPLIST_FILE = "Filement/Filement-Info.plist";
				LIBRARY_SEARCH_PATHS = (
					"$(inherited)",
					../lib/,
					"\"$(SRCROOT)/../lib\"",
				);
				MACOSX_DEPLOYMENT_TARGET = 10.8;
				OTHER_LDFLAGS = "";
				PRODUCT_NAME = "$(TARGET_NAME)";
				SKIP_INSTALL = NO;
				WRAPPER_EXTENSION = app;
			};
			name = Debug;
		};
		5B1581CA162C956B00321533 /* Release */ = {
			isa = XCBuildConfiguration;
			buildSettings = {
				CODE_SIGN_IDENTITY = "-";
				COPY_PHASE_STRIP = YES;
				DEAD_CODE_STRIPPING = YES;
				DEBUG_INFORMATION_FORMAT = dwarf;
				GCC_ENABLE_SSE3_EXTENSIONS = YES;
				GCC_OPTIMIZATION_LEVEL = 2;
				GCC_PRECOMPILE_PREFIX_HEADER = YES;
				GCC_PREFIX_HEADER = "Filement/Filement-Prefix.pch";
				GCC_SYMBOLS_PRIVATE_EXTERN = NO;
				INFOPLIST_FILE = "Filement/Filement-Info.plist";
				LIBRARY_SEARCH_PATHS = (
					"$(inherited)",
					../lib/,
					"\"$(SRCROOT)/../lib\"",
				);
				MACOSX_DEPLOYMENT_TARGET = 10.8;
				OTHER_LDFLAGS = "";
				PRODUCT_NAME = "$(TARGET_NAME)";
				SKIP_INSTALL = NO;
				WRAPPER_EXTENSION = app;
			};
			name = Release;
		};
/* End XCBuildConfiguration section */

/* Begin XCConfigurationList section */
		5B1581A4162C956A00321533 /* Build configuration list for PBXProject "Filement" */ = {
			isa = XCConfigurationList;
			buildConfigurations = (
				5B1581C6162C956B00321533 /* Debug */,
				5B1581C7162C956B00321533 /* Release */,
			);
			defaultConfigurationIsVisible = 0;
			defaultConfigurationName = Release;
		};
		5B1581C8162C956B00321533 /* Build configuration list for PBXNativeTarget "Filement" */ = {
			isa = XCConfigurationList;
			buildConfigurations = (
				5B1581C9162C956B00321533 /* Debug */,
				5B1581CA162C956B00321533 /* Release */,
			);
			defaultConfigurationIsVisible = 0;
			defaultConfigurationName = Release;
		};
/* End XCConfigurationList section */
	};
	rootObject = 5B1581A1162C956A00321533 /* Project object */;
}
