
Microsoft Visual Studio Solution File, Format Version 12.00
# Visual Studio 2012
Project("{FAE04EC0-301F-11D3-BF4B-00C04F79EFBC}") = "Filement", "Filement\Filement.csproj", "{1031D11E-9F5B-4697-B6B6-4A0E4FA8FEC1}"
EndProject
Global
	GlobalSection(SolutionConfigurationPlatforms) = preSolution
		Debug|Any CPU = Debug|Any CPU
		pff|Any CPU = pff|Any CPU
		Release|Any CPU = Release|Any CPU
	EndGlobalSection
	GlobalSection(ProjectConfigurationPlatforms) = postSolution
		{1031D11E-9F5B-4697-B6B6-4A0E4FA8FEC1}.Debug|Any CPU.ActiveCfg = Debug|Any CPU
		{1031D11E-9F5B-4697-B6B6-4A0E4FA8FEC1}.Debug|Any CPU.Build.0 = Debug|Any CPU
		{1031D11E-9F5B-4697-B6B6-4A0E4FA8FEC1}.Debug|Any CPU.Deploy.0 = Debug|Any CPU
		{1031D11E-9F5B-4697-B6B6-4A0E4FA8FEC1}.pff|Any CPU.ActiveCfg = pff|Any CPU
		{1031D11E-9F5B-4697-B6B6-4A0E4FA8FEC1}.pff|Any CPU.Build.0 = pff|Any CPU
		{1031D11E-9F5B-4697-B6B6-4A0E4FA8FEC1}.Release|Any CPU.ActiveCfg = Release|Any CPU
		{1031D11E-9F5B-4697-B6B6-4A0E4FA8FEC1}.Release|Any CPU.Build.0 = Release|Any CPU
		{1031D11E-9F5B-4697-B6B6-4A0E4FA8FEC1}.Release|Any CPU.Deploy.0 = Release|Any CPU
	EndGlobalSection
	GlobalSection(SolutionProperties) = preSolution
		HideSolutionNode = FALSE
	EndGlobalSection
EndGlobal
